
Microsoft Visual Studio Solution File, Format Version 12.00
# Visual Studio Version 17
VisualStudioVersion = 17.12.35527.113
MinimumVisualStudioVersion = 10.0.40219.1
Project("{2150E333-8FDC-42A3-9474-1A3956D46DE8}") = "Microservices", "Microservices", "{169D1AD9-F705-4AD9-B4A9-764ED04A85C2}"
EndProject
Project("{2150E333-8FDC-42A3-9474-1A3956D46DE8}") = "Authorization Service", "Authorization Service", "{05D0EF80-A16F-46D4-A877-ACF3A491362D}"
EndProject
Project("{2150E333-8FDC-42A3-9474-1A3956D46DE8}") = "Business", "Business", "{67B93D4D-CC18-44FD-A44D-28E52EF4F78B}"
EndProject
Project("{FAE04EC0-301F-11D3-BF4B-00C04F79EFBC}") = "Services.Authorization.Domain", "Microservices\Authorization Service\Services.Authorization.Domain\Services.Authorization.Domain.csproj", "{D8C3DCC8-A226-4F10-BB97-0F9837ACFA84}"
EndProject
Project("{FAE04EC0-301F-11D3-BF4B-00C04F79EFBC}") = "Services.Authorization.Application", "Microservices\Authorization Service\Services.Authorization.Application\Services.Authorization.Application.csproj", "{AFC56320-C957-416C-8DF4-F573DFCA7F94}"
EndProject
Project("{2150E333-8FDC-42A3-9474-1A3956D46DE8}") = "DataAccess", "DataAccess", "{BA6E5088-0B2D-4B6E-8655-28BB7040161A}"
EndProject
Project("{FAE04EC0-301F-11D3-BF4B-00C04F79EFBC}") = "Services.Authorization.Persistence", "Microservices\Authorization Service\Services.Authorization.Persistence\Services.Authorization.Persistence.csproj", "{9230F9A6-F09B-4148-89A5-0D272A881FCA}"
EndProject
Project("{FAE04EC0-301F-11D3-BF4B-00C04F79EFBC}") = "Services.Authorization.WebAPI", "Microservices\Authorization Service\Services.Authorization.WebAPI\Services.Authorization.WebAPI.csproj", "{F040331A-379E-4277-BD50-3E69F73F5D02}"
EndProject
Project("{2150E333-8FDC-42A3-9474-1A3956D46DE8}") = "Presentation", "Presentation", "{59A67DAA-6C95-4DDA-8D04-509D67A16DA5}"
EndProject
Project("{2150E333-8FDC-42A3-9474-1A3956D46DE8}") = "User Service", "User Service", "{F9153F6B-6EDF-428C-A009-0F537AF50D17}"
EndProject
Project("{2150E333-8FDC-42A3-9474-1A3956D46DE8}") = "Core", "Core", "{9C729D57-3C45-41BF-A2D3-40CFE16CD7F5}"
EndProject
Project("{2150E333-8FDC-42A3-9474-1A3956D46DE8}") = "Infrstructure", "Infrstructure", "{F958F53D-AD31-4159-B0E7-63AE08FB7D05}"
EndProject
Project("{2150E333-8FDC-42A3-9474-1A3956D46DE8}") = "Presentation", "Presentation", "{82FC388B-9B82-4925-9AA6-1AB4332D43AE}"
EndProject
Project("{FAE04EC0-301F-11D3-BF4B-00C04F79EFBC}") = "Services.User.Domain", "Microservices\User Service\Services.User.Domain\Services.User.Domain.csproj", "{B6269C80-6D63-43A3-B0B1-AAEF5AFC686A}"
EndProject
Project("{FAE04EC0-301F-11D3-BF4B-00C04F79EFBC}") = "Services.User.Application", "Microservices\User Service\Services.User.Application\Services.User.Application.csproj", "{DB0B9707-684D-439F-B75A-7C83B9B282DD}"
EndProject
Project("{FAE04EC0-301F-11D3-BF4B-00C04F79EFBC}") = "Services.User.Persistence", "Microservices\User Service\Services.User.Persistence\Services.User.Persistence.csproj", "{E7B5F972-A157-47B2-AEE0-9A7D2DC19960}"
EndProject
Project("{FAE04EC0-301F-11D3-BF4B-00C04F79EFBC}") = "Services.User.WebAPI", "Microservices\User Service\Services.User.WebAPI\Services.User.WebAPI.csproj", "{2690626F-BBA8-4B55-AE88-88AC92FFA696}"
EndProject
Project("{2150E333-8FDC-42A3-9474-1A3956D46DE8}") = "Order Service", "Order Service", "{78A12DC1-9382-4A1A-89F0-ED2415E3BC0A}"
EndProject
Project("{2150E333-8FDC-42A3-9474-1A3956D46DE8}") = "Core", "Core", "{F5C326AB-6425-4779-B3BE-969FB23ADB63}"
EndProject
Project("{2150E333-8FDC-42A3-9474-1A3956D46DE8}") = "Infrastructure", "Infrastructure", "{64ECEEF0-FF33-4AB5-AC0D-281E5FFED242}"
EndProject
Project("{2150E333-8FDC-42A3-9474-1A3956D46DE8}") = "Presentation", "Presentation", "{8AF32BAF-3D26-4843-B327-08BADFBE16EF}"
EndProject
Project("{FAE04EC0-301F-11D3-BF4B-00C04F79EFBC}") = "Services.Order.Domain", "Microservices\Order Service\Services.Order.Domain\Services.Order.Domain.csproj", "{82F13E8A-9EAB-4F65-85FB-7A6E14510C44}"
EndProject
Project("{FAE04EC0-301F-11D3-BF4B-00C04F79EFBC}") = "Services.Order.Application", "Microservices\Order Service\Services.Order.Application\Services.Order.Application.csproj", "{C99E9C9C-6DA0-4690-B105-B3C9AC12A634}"
EndProject
Project("{FAE04EC0-301F-11D3-BF4B-00C04F79EFBC}") = "Services.Order.Persistence", "Microservices\Order Service\Services.Order.Persistence\Services.Order.Persistence.csproj", "{548CD094-AA55-47DF-8B4C-2A112DA5D8C8}"
EndProject
Project("{FAE04EC0-301F-11D3-BF4B-00C04F79EFBC}") = "Services.Order.WebAPI", "Microservices\Order Service\Services.Order.WebAPI\Services.Order.WebAPI.csproj", "{D183FE82-4555-4D26-9D45-527ED6336A50}"
EndProject
Project("{2150E333-8FDC-42A3-9474-1A3956D46DE8}") = "Product Service", "Product Service", "{DF60B773-6100-4E07-8E2A-75C2DF341CEB}"
EndProject
Project("{2150E333-8FDC-42A3-9474-1A3956D46DE8}") = "Core", "Core", "{355D2A52-63E9-441C-8EFC-1A6337629932}"
EndProject
Project("{2150E333-8FDC-42A3-9474-1A3956D46DE8}") = "Infrastructure", "Infrastructure", "{6E06998E-4EBA-47CD-ABD4-FC7E4887C9BF}"
EndProject
Project("{2150E333-8FDC-42A3-9474-1A3956D46DE8}") = "Presentation", "Presentation", "{9D2BAB8C-4018-488C-A908-69800E2D18DD}"
EndProject
Project("{FAE04EC0-301F-11D3-BF4B-00C04F79EFBC}") = "Services.Product.Domain", "Microservices\Product Service\Services.Product.Domain\Services.Product.Domain.csproj", "{DD36D09F-4AE1-44DA-9D5E-BAFBAE64368A}"
EndProject
Project("{FAE04EC0-301F-11D3-BF4B-00C04F79EFBC}") = "Services.Product.Application", "Microservices\Product Service\Services.Product.Application\Services.Product.Application.csproj", "{0004FFA2-4146-4C2E-8CE7-3803495CB7E6}"
EndProject
Project("{FAE04EC0-301F-11D3-BF4B-00C04F79EFBC}") = "Services.Product.Persistence", "Microservices\Product Service\Services.Product.Persistence\Services.Product.Persistence.csproj", "{3BB619E4-0D30-4DD1-A573-CF7A9D8662B2}"
EndProject
Project("{FAE04EC0-301F-11D3-BF4B-00C04F79EFBC}") = "Services.Product.WebAPI", "Microservices\Product Service\Services.Product.WebAPI\Services.Product.WebAPI.csproj", "{223F5A45-294E-45D6-BD82-2D5872D64777}"
EndProject
Global
	GlobalSection(SolutionConfigurationPlatforms) = preSolution
		Debug|Any CPU = Debug|Any CPU
		Release|Any CPU = Release|Any CPU
	EndGlobalSection
	GlobalSection(ProjectConfigurationPlatforms) = postSolution
		{D8C3DCC8-A226-4F10-BB97-0F9837ACFA84}.Debug|Any CPU.ActiveCfg = Debug|Any CPU
		{D8C3DCC8-A226-4F10-BB97-0F9837ACFA84}.Debug|Any CPU.Build.0 = Debug|Any CPU
		{D8C3DCC8-A226-4F10-BB97-0F9837ACFA84}.Release|Any CPU.ActiveCfg = Release|Any CPU
		{D8C3DCC8-A226-4F10-BB97-0F9837ACFA84}.Release|Any CPU.Build.0 = Release|Any CPU
		{AFC56320-C957-416C-8DF4-F573DFCA7F94}.Debug|Any CPU.ActiveCfg = Debug|Any CPU
		{AFC56320-C957-416C-8DF4-F573DFCA7F94}.Debug|Any CPU.Build.0 = Debug|Any CPU
		{AFC56320-C957-416C-8DF4-F573DFCA7F94}.Release|Any CPU.ActiveCfg = Release|Any CPU
		{AFC56320-C957-416C-8DF4-F573DFCA7F94}.Release|Any CPU.Build.0 = Release|Any CPU
		{9230F9A6-F09B-4148-89A5-0D272A881FCA}.Debug|Any CPU.ActiveCfg = Debug|Any CPU
		{9230F9A6-F09B-4148-89A5-0D272A881FCA}.Debug|Any CPU.Build.0 = Debug|Any CPU
		{9230F9A6-F09B-4148-89A5-0D272A881FCA}.Release|Any CPU.ActiveCfg = Release|Any CPU
		{9230F9A6-F09B-4148-89A5-0D272A881FCA}.Release|Any CPU.Build.0 = Release|Any CPU
		{F040331A-379E-4277-BD50-3E69F73F5D02}.Debug|Any CPU.ActiveCfg = Debug|Any CPU
		{F040331A-379E-4277-BD50-3E69F73F5D02}.Debug|Any CPU.Build.0 = Debug|Any CPU
		{F040331A-379E-4277-BD50-3E69F73F5D02}.Release|Any CPU.ActiveCfg = Release|Any CPU
		{F040331A-379E-4277-BD50-3E69F73F5D02}.Release|Any CPU.Build.0 = Release|Any CPU
		{B6269C80-6D63-43A3-B0B1-AAEF5AFC686A}.Debug|Any CPU.ActiveCfg = Debug|Any CPU
		{B6269C80-6D63-43A3-B0B1-AAEF5AFC686A}.Debug|Any CPU.Build.0 = Debug|Any CPU
		{B6269C80-6D63-43A3-B0B1-AAEF5AFC686A}.Release|Any CPU.ActiveCfg = Release|Any CPU
		{B6269C80-6D63-43A3-B0B1-AAEF5AFC686A}.Release|Any CPU.Build.0 = Release|Any CPU
		{DB0B9707-684D-439F-B75A-7C83B9B282DD}.Debug|Any CPU.ActiveCfg = Debug|Any CPU
		{DB0B9707-684D-439F-B75A-7C83B9B282DD}.Debug|Any CPU.Build.0 = Debug|Any CPU
		{DB0B9707-684D-439F-B75A-7C83B9B282DD}.Release|Any CPU.ActiveCfg = Release|Any CPU
		{DB0B9707-684D-439F-B75A-7C83B9B282DD}.Release|Any CPU.Build.0 = Release|Any CPU
		{E7B5F972-A157-47B2-AEE0-9A7D2DC19960}.Debug|Any CPU.ActiveCfg = Debug|Any CPU
		{E7B5F972-A157-47B2-AEE0-9A7D2DC19960}.Debug|Any CPU.Build.0 = Debug|Any CPU
		{E7B5F972-A157-47B2-AEE0-9A7D2DC19960}.Release|Any CPU.ActiveCfg = Release|Any CPU
		{E7B5F972-A157-47B2-AEE0-9A7D2DC19960}.Release|Any CPU.Build.0 = Release|Any CPU
		{2690626F-BBA8-4B55-AE88-88AC92FFA696}.Debug|Any CPU.ActiveCfg = Debug|Any CPU
		{2690626F-BBA8-4B55-AE88-88AC92FFA696}.Debug|Any CPU.Build.0 = Debug|Any CPU
		{2690626F-BBA8-4B55-AE88-88AC92FFA696}.Release|Any CPU.ActiveCfg = Release|Any CPU
		{2690626F-BBA8-4B55-AE88-88AC92FFA696}.Release|Any CPU.Build.0 = Release|Any CPU
		{82F13E8A-9EAB-4F65-85FB-7A6E14510C44}.Debug|Any CPU.ActiveCfg = Debug|Any CPU
		{82F13E8A-9EAB-4F65-85FB-7A6E14510C44}.Debug|Any CPU.Build.0 = Debug|Any CPU
		{82F13E8A-9EAB-4F65-85FB-7A6E14510C44}.Release|Any CPU.ActiveCfg = Release|Any CPU
		{82F13E8A-9EAB-4F65-85FB-7A6E14510C44}.Release|Any CPU.Build.0 = Release|Any CPU
		{C99E9C9C-6DA0-4690-B105-B3C9AC12A634}.Debug|Any CPU.ActiveCfg = Debug|Any CPU
		{C99E9C9C-6DA0-4690-B105-B3C9AC12A634}.Debug|Any CPU.Build.0 = Debug|Any CPU
		{C99E9C9C-6DA0-4690-B105-B3C9AC12A634}.Release|Any CPU.ActiveCfg = Release|Any CPU
		{C99E9C9C-6DA0-4690-B105-B3C9AC12A634}.Release|Any CPU.Build.0 = Release|Any CPU
		{548CD094-AA55-47DF-8B4C-2A112DA5D8C8}.Debug|Any CPU.ActiveCfg = Debug|Any CPU
		{548CD094-AA55-47DF-8B4C-2A112DA5D8C8}.Debug|Any CPU.Build.0 = Debug|Any CPU
		{548CD094-AA55-47DF-8B4C-2A112DA5D8C8}.Release|Any CPU.ActiveCfg = Release|Any CPU
		{548CD094-AA55-47DF-8B4C-2A112DA5D8C8}.Release|Any CPU.Build.0 = Release|Any CPU
		{D183FE82-4555-4D26-9D45-527ED6336A50}.Debug|Any CPU.ActiveCfg = Debug|Any CPU
		{D183FE82-4555-4D26-9D45-527ED6336A50}.Debug|Any CPU.Build.0 = Debug|Any CPU
		{D183FE82-4555-4D26-9D45-527ED6336A50}.Release|Any CPU.ActiveCfg = Release|Any CPU
		{D183FE82-4555-4D26-9D45-527ED6336A50}.Release|Any CPU.Build.0 = Release|Any CPU
		{DD36D09F-4AE1-44DA-9D5E-BAFBAE64368A}.Debug|Any CPU.ActiveCfg = Debug|Any CPU
		{DD36D09F-4AE1-44DA-9D5E-BAFBAE64368A}.Debug|Any CPU.Build.0 = Debug|Any CPU
		{DD36D09F-4AE1-44DA-9D5E-BAFBAE64368A}.Release|Any CPU.ActiveCfg = Release|Any CPU
		{DD36D09F-4AE1-44DA-9D5E-BAFBAE64368A}.Release|Any CPU.Build.0 = Release|Any CPU
		{0004FFA2-4146-4C2E-8CE7-3803495CB7E6}.Debug|Any CPU.ActiveCfg = Debug|Any CPU
		{0004FFA2-4146-4C2E-8CE7-3803495CB7E6}.Debug|Any CPU.Build.0 = Debug|Any CPU
		{0004FFA2-4146-4C2E-8CE7-3803495CB7E6}.Release|Any CPU.ActiveCfg = Release|Any CPU
		{0004FFA2-4146-4C2E-8CE7-3803495CB7E6}.Release|Any CPU.Build.0 = Release|Any CPU
		{3BB619E4-0D30-4DD1-A573-CF7A9D8662B2}.Debug|Any CPU.ActiveCfg = Debug|Any CPU
		{3BB619E4-0D30-4DD1-A573-CF7A9D8662B2}.Debug|Any CPU.Build.0 = Debug|Any CPU
		{3BB619E4-0D30-4DD1-A573-CF7A9D8662B2}.Release|Any CPU.ActiveCfg = Release|Any CPU
		{3BB619E4-0D30-4DD1-A573-CF7A9D8662B2}.Release|Any CPU.Build.0 = Release|Any CPU
		{223F5A45-294E-45D6-BD82-2D5872D64777}.Debug|Any CPU.ActiveCfg = Debug|Any CPU
		{223F5A45-294E-45D6-BD82-2D5872D64777}.Debug|Any CPU.Build.0 = Debug|Any CPU
		{223F5A45-294E-45D6-BD82-2D5872D64777}.Release|Any CPU.ActiveCfg = Release|Any CPU
		{223F5A45-294E-45D6-BD82-2D5872D64777}.Release|Any CPU.Build.0 = Release|Any CPU
	EndGlobalSection
	GlobalSection(SolutionProperties) = preSolution
		HideSolutionNode = FALSE
	EndGlobalSection
	GlobalSection(NestedProjects) = preSolution
		{05D0EF80-A16F-46D4-A877-ACF3A491362D} = {169D1AD9-F705-4AD9-B4A9-764ED04A85C2}
		{67B93D4D-CC18-44FD-A44D-28E52EF4F78B} = {05D0EF80-A16F-46D4-A877-ACF3A491362D}
		{D8C3DCC8-A226-4F10-BB97-0F9837ACFA84} = {67B93D4D-CC18-44FD-A44D-28E52EF4F78B}
		{AFC56320-C957-416C-8DF4-F573DFCA7F94} = {67B93D4D-CC18-44FD-A44D-28E52EF4F78B}
		{BA6E5088-0B2D-4B6E-8655-28BB7040161A} = {05D0EF80-A16F-46D4-A877-ACF3A491362D}
		{9230F9A6-F09B-4148-89A5-0D272A881FCA} = {BA6E5088-0B2D-4B6E-8655-28BB7040161A}
		{F040331A-379E-4277-BD50-3E69F73F5D02} = {59A67DAA-6C95-4DDA-8D04-509D67A16DA5}
		{59A67DAA-6C95-4DDA-8D04-509D67A16DA5} = {05D0EF80-A16F-46D4-A877-ACF3A491362D}
		{F9153F6B-6EDF-428C-A009-0F537AF50D17} = {169D1AD9-F705-4AD9-B4A9-764ED04A85C2}
		{9C729D57-3C45-41BF-A2D3-40CFE16CD7F5} = {F9153F6B-6EDF-428C-A009-0F537AF50D17}
		{F958F53D-AD31-4159-B0E7-63AE08FB7D05} = {F9153F6B-6EDF-428C-A009-0F537AF50D17}
		{82FC388B-9B82-4925-9AA6-1AB4332D43AE} = {F9153F6B-6EDF-428C-A009-0F537AF50D17}
		{B6269C80-6D63-43A3-B0B1-AAEF5AFC686A} = {9C729D57-3C45-41BF-A2D3-40CFE16CD7F5}
		{DB0B9707-684D-439F-B75A-7C83B9B282DD} = {9C729D57-3C45-41BF-A2D3-40CFE16CD7F5}
		{E7B5F972-A157-47B2-AEE0-9A7D2DC19960} = {F958F53D-AD31-4159-B0E7-63AE08FB7D05}
		{2690626F-BBA8-4B55-AE88-88AC92FFA696} = {82FC388B-9B82-4925-9AA6-1AB4332D43AE}
		{78A12DC1-9382-4A1A-89F0-ED2415E3BC0A} = {169D1AD9-F705-4AD9-B4A9-764ED04A85C2}
		{F5C326AB-6425-4779-B3BE-969FB23ADB63} = {78A12DC1-9382-4A1A-89F0-ED2415E3BC0A}
		{64ECEEF0-FF33-4AB5-AC0D-281E5FFED242} = {78A12DC1-9382-4A1A-89F0-ED2415E3BC0A}
		{8AF32BAF-3D26-4843-B327-08BADFBE16EF} = {78A12DC1-9382-4A1A-89F0-ED2415E3BC0A}
		{82F13E8A-9EAB-4F65-85FB-7A6E14510C44} = {F5C326AB-6425-4779-B3BE-969FB23ADB63}
		{C99E9C9C-6DA0-4690-B105-B3C9AC12A634} = {F5C326AB-6425-4779-B3BE-969FB23ADB63}
		{548CD094-AA55-47DF-8B4C-2A112DA5D8C8} = {64ECEEF0-FF33-4AB5-AC0D-281E5FFED242}
		{D183FE82-4555-4D26-9D45-527ED6336A50} = {8AF32BAF-3D26-4843-B327-08BADFBE16EF}
		{DF60B773-6100-4E07-8E2A-75C2DF341CEB} = {169D1AD9-F705-4AD9-B4A9-764ED04A85C2}
		{355D2A52-63E9-441C-8EFC-1A6337629932} = {DF60B773-6100-4E07-8E2A-75C2DF341CEB}
		{6E06998E-4EBA-47CD-ABD4-FC7E4887C9BF} = {DF60B773-6100-4E07-8E2A-75C2DF341CEB}
		{9D2BAB8C-4018-488C-A908-69800E2D18DD} = {DF60B773-6100-4E07-8E2A-75C2DF341CEB}
		{DD36D09F-4AE1-44DA-9D5E-BAFBAE64368A} = {355D2A52-63E9-441C-8EFC-1A6337629932}
		{0004FFA2-4146-4C2E-8CE7-3803495CB7E6} = {355D2A52-63E9-441C-8EFC-1A6337629932}
		{3BB619E4-0D30-4DD1-A573-CF7A9D8662B2} = {6E06998E-4EBA-47CD-ABD4-FC7E4887C9BF}
		{223F5A45-294E-45D6-BD82-2D5872D64777} = {9D2BAB8C-4018-488C-A908-69800E2D18DD}
	EndGlobalSection
EndGlobal
